
Microsoft Visual Studio Solution File, Format Version 12.00
Project("{FAE04EC0-301F-11D3-BF4B-00C04F79EFBC}") = "Shop", "Shop\Shop.csproj", "{FA22C1E2-4176-4EB3-BF5D-7998675BA91F}"
EndProject
Project("{FAE04EC0-301F-11D3-BF4B-00C04F79EFBC}") = "MagicSquare", "MagicSquare\MagicSquare.csproj", "{B75F57C2-FBB0-4D5C-BB0A-98090D54A8E8}"
EndProject
Project("{FAE04EC0-301F-11D3-BF4B-00C04F79EFBC}") = "EleTracker", "EleTracker\EleTracker.csproj", "{D8ED9088-4466-4C32-9B87-100B477ABED5}"
EndProject
Project("{FAE04EC0-301F-11D3-BF4B-00C04F79EFBC}") = "Polynomials", "Polynomials\Polynomials.csproj", "{4EC641AB-FA9E-49EB-9DFC-919F0FA926E0}"
EndProject
Project("{FAE04EC0-301F-11D3-BF4B-00C04F79EFBC}") = "Shadows", "Shadows\Shadows.csproj", "{707042C2-D30B-417F-BE97-E287D5084C3D}"
EndProject
Project("{FAE04EC0-301F-11D3-BF4B-00C04F79EFBC}") = "Tags", "Tags\Tags.csproj", "{92F78F77-6ECE-46E5-9A16-80EE910B08D9}"
EndProject
Project("{FAE04EC0-301F-11D3-BF4B-00C04F79EFBC}") = "SiteVisits", "SiteVisits\SiteVisits.csproj", "{358EBDDD-9F8F-48F0-A5FB-B65FE0F74103}"
EndProject
Project("{FAE04EC0-301F-11D3-BF4B-00C04F79EFBC}") = "BackwardEnumeratedMatrix", "BackwardEnumeratedMatrix\BackwardEnumeratedMatrix.csproj", "{F0F393AE-6A9C-40E8-B935-E92083EE62F8}"
EndProject
Project("{FAE04EC0-301F-11D3-BF4B-00C04F79EFBC}") = "Dishes", "Dishes\Dishes.csproj", "{8BF2DB67-C82B-4621-8DE7-D1D0E1CDF765}"
EndProject
Project("{FAE04EC0-301F-11D3-BF4B-00C04F79EFBC}") = "Translate", "Translate\Translate.csproj", "{53414A9C-5EF3-466E-B704-FAC021264C32}"
EndProject
Project("{FAE04EC0-301F-11D3-BF4B-00C04F79EFBC}") = "BracketsDepth", "BracketsDepth\BracketsDepth.csproj", "{ED30FF5F-F91E-4FAC-AAA5-2D30D303E6BE}"
EndProject
Global
	GlobalSection(SolutionConfigurationPlatforms) = preSolution
		Debug|Any CPU = Debug|Any CPU
		Release|Any CPU = Release|Any CPU
	EndGlobalSection
	GlobalSection(ProjectConfigurationPlatforms) = postSolution
		{FA22C1E2-4176-4EB3-BF5D-7998675BA91F}.Debug|Any CPU.ActiveCfg = Debug|Any CPU
		{FA22C1E2-4176-4EB3-BF5D-7998675BA91F}.Debug|Any CPU.Build.0 = Debug|Any CPU
		{FA22C1E2-4176-4EB3-BF5D-7998675BA91F}.Release|Any CPU.ActiveCfg = Release|Any CPU
		{FA22C1E2-4176-4EB3-BF5D-7998675BA91F}.Release|Any CPU.Build.0 = Release|Any CPU
		{B75F57C2-FBB0-4D5C-BB0A-98090D54A8E8}.Debug|Any CPU.ActiveCfg = Debug|Any CPU
		{B75F57C2-FBB0-4D5C-BB0A-98090D54A8E8}.Debug|Any CPU.Build.0 = Debug|Any CPU
		{B75F57C2-FBB0-4D5C-BB0A-98090D54A8E8}.Release|Any CPU.ActiveCfg = Release|Any CPU
		{B75F57C2-FBB0-4D5C-BB0A-98090D54A8E8}.Release|Any CPU.Build.0 = Release|Any CPU
		{D8ED9088-4466-4C32-9B87-100B477ABED5}.Debug|Any CPU.ActiveCfg = Debug|Any CPU
		{D8ED9088-4466-4C32-9B87-100B477ABED5}.Debug|Any CPU.Build.0 = Debug|Any CPU
		{D8ED9088-4466-4C32-9B87-100B477ABED5}.Release|Any CPU.ActiveCfg = Release|Any CPU
		{D8ED9088-4466-4C32-9B87-100B477ABED5}.Release|Any CPU.Build.0 = Release|Any CPU
		{4EC641AB-FA9E-49EB-9DFC-919F0FA926E0}.Debug|Any CPU.ActiveCfg = Debug|Any CPU
		{4EC641AB-FA9E-49EB-9DFC-919F0FA926E0}.Debug|Any CPU.Build.0 = Debug|Any CPU
		{4EC641AB-FA9E-49EB-9DFC-919F0FA926E0}.Release|Any CPU.ActiveCfg = Release|Any CPU
		{4EC641AB-FA9E-49EB-9DFC-919F0FA926E0}.Release|Any CPU.Build.0 = Release|Any CPU
		{707042C2-D30B-417F-BE97-E287D5084C3D}.Debug|Any CPU.ActiveCfg = Debug|Any CPU
		{707042C2-D30B-417F-BE97-E287D5084C3D}.Debug|Any CPU.Build.0 = Debug|Any CPU
		{707042C2-D30B-417F-BE97-E287D5084C3D}.Release|Any CPU.ActiveCfg = Release|Any CPU
		{707042C2-D30B-417F-BE97-E287D5084C3D}.Release|Any CPU.Build.0 = Release|Any CPU
		{92F78F77-6ECE-46E5-9A16-80EE910B08D9}.Debug|Any CPU.ActiveCfg = Debug|Any CPU
		{92F78F77-6ECE-46E5-9A16-80EE910B08D9}.Debug|Any CPU.Build.0 = Debug|Any CPU
		{92F78F77-6ECE-46E5-9A16-80EE910B08D9}.Release|Any CPU.ActiveCfg = Release|Any CPU
		{92F78F77-6ECE-46E5-9A16-80EE910B08D9}.Release|Any CPU.Build.0 = Release|Any CPU
		{358EBDDD-9F8F-48F0-A5FB-B65FE0F74103}.Debug|Any CPU.ActiveCfg = Debug|Any CPU
		{358EBDDD-9F8F-48F0-A5FB-B65FE0F74103}.Debug|Any CPU.Build.0 = Debug|Any CPU
		{358EBDDD-9F8F-48F0-A5FB-B65FE0F74103}.Release|Any CPU.ActiveCfg = Release|Any CPU
		{358EBDDD-9F8F-48F0-A5FB-B65FE0F74103}.Release|Any CPU.Build.0 = Release|Any CPU
		{F0F393AE-6A9C-40E8-B935-E92083EE62F8}.Debug|Any CPU.ActiveCfg = Debug|Any CPU
		{F0F393AE-6A9C-40E8-B935-E92083EE62F8}.Debug|Any CPU.Build.0 = Debug|Any CPU
		{F0F393AE-6A9C-40E8-B935-E92083EE62F8}.Release|Any CPU.ActiveCfg = Release|Any CPU
		{F0F393AE-6A9C-40E8-B935-E92083EE62F8}.Release|Any CPU.Build.0 = Release|Any CPU
		{8BF2DB67-C82B-4621-8DE7-D1D0E1CDF765}.Debug|Any CPU.ActiveCfg = Debug|Any CPU
		{8BF2DB67-C82B-4621-8DE7-D1D0E1CDF765}.Debug|Any CPU.Build.0 = Debug|Any CPU
		{8BF2DB67-C82B-4621-8DE7-D1D0E1CDF765}.Release|Any CPU.ActiveCfg = Release|Any CPU
		{8BF2DB67-C82B-4621-8DE7-D1D0E1CDF765}.Release|Any CPU.Build.0 = Release|Any CPU
		{53414A9C-5EF3-466E-B704-FAC021264C32}.Debug|Any CPU.ActiveCfg = Debug|Any CPU
		{53414A9C-5EF3-466E-B704-FAC021264C32}.Debug|Any CPU.Build.0 = Debug|Any CPU
		{53414A9C-5EF3-466E-B704-FAC021264C32}.Release|Any CPU.ActiveCfg = Release|Any CPU
		{53414A9C-5EF3-466E-B704-FAC021264C32}.Release|Any CPU.Build.0 = Release|Any CPU
		{ED30FF5F-F91E-4FAC-AAA5-2D30D303E6BE}.Debug|Any CPU.ActiveCfg = Debug|Any CPU
		{ED30FF5F-F91E-4FAC-AAA5-2D30D303E6BE}.Debug|Any CPU.Build.0 = Debug|Any CPU
		{ED30FF5F-F91E-4FAC-AAA5-2D30D303E6BE}.Release|Any CPU.ActiveCfg = Release|Any CPU
		{ED30FF5F-F91E-4FAC-AAA5-2D30D303E6BE}.Release|Any CPU.Build.0 = Release|Any CPU
	EndGlobalSection
EndGlobal
